{
  "version": 4,
  "terraform_version": "0.14.5",
  "serial": 6,
  "lineage": "e15c9c77-148b-4855-daf9-dcbb6dac84ba",
  "outputs": {},
  "resources": [
    {
      "mode": "managed",
      "type": "google_sql_database",
      "name": "postgresdb",
      "provider": "provider[\"registry.terraform.io/hashicorp/google\"]",
      "instances": [
        {
          "schema_version": 0,
          "attributes": {
            "charset": "UTF8",
            "collation": "en_US.UTF8",
            "id": "projects/terraform-system-v2/instances/tf-db-js0bj1wq/databases/tf-db-js0bj1wq-db",
            "instance": "tf-db-js0bj1wq",
            "name": "tf-db-js0bj1wq-db",
            "project": "terraform-system-v2",
            "self_link": "https://sqladmin.googleapis.com/sql/v1beta4/projects/terraform-system-v2/instances/tf-db-js0bj1wq/databases/tf-db-js0bj1wq-db",
            "timeouts": null
          },
          "sensitive_attributes": [],
          "private": "eyJlMmJmYjczMC1lY2FhLTExZTYtOGY4OC0zNDM2M2JjN2M0YzAiOnsiY3JlYXRlIjo5MDAwMDAwMDAwMDAsImRlbGV0ZSI6NjAwMDAwMDAwMDAwLCJ1cGRhdGUiOjYwMDAwMDAwMDAwMH19",
          "dependencies": [
            "google_sql_database_instance.postgresql",
            "random_string.db_id"
          ]
        }
      ]
    },
    {
      "mode": "managed",
      "type": "google_sql_database_instance",
      "name": "postgresql",
      "provider": "provider[\"registry.terraform.io/hashicorp/google\"]",
      "instances": [
        {
          "schema_version": 0,
          "attributes": {
            "clone": [],
            "connection_name": "terraform-system-v2:us-west1:tf-db-js0bj1wq",
            "database_version": "POSTGRES_13",
            "deletion_protection": true,
            "first_ip_address": "35.197.6.168",
            "id": "tf-db-js0bj1wq",
            "ip_address": [
              {
                "ip_address": "35.197.6.168",
                "time_to_retire": "",
                "type": "PRIMARY"
              }
            ],
            "master_instance_name": "",
            "name": "tf-db-js0bj1wq",
            "private_ip_address": "",
            "project": "terraform-system-v2",
            "public_ip_address": "35.197.6.168",
            "region": "us-west1",
            "replica_configuration": [],
            "restore_backup_context": [],
            "root_password": null,
            "self_link": "https://sqladmin.googleapis.com/sql/v1beta4/projects/terraform-system-v2/instances/tf-db-js0bj1wq",
            "server_ca_cert": [
              {
                "cert": "-----BEGIN CERTIFICATE-----\nMIIDfzCCAmegAwIBAgIBADANBgkqhkiG9w0BAQsFADB3MS0wKwYDVQQuEyQ5ODMx\nNmZiYy1mNzhlLTQ3ZWUtYjcwMC02NGIxZWY4MmIyMDExIzAhBgNVBAMTGkdvb2ds\nZSBDbG91ZCBTUUwgU2VydmVyIENBMRQwEgYDVQQKEwtHb29nbGUsIEluYzELMAkG\nA1UEBhMCVVMwHhcNMjEwMjEyMTU1OTUyWhcNMzEwMjEwMTYwMDUyWjB3MS0wKwYD\nVQQuEyQ5ODMxNmZiYy1mNzhlLTQ3ZWUtYjcwMC02NGIxZWY4MmIyMDExIzAhBgNV\nBAMTGkdvb2dsZSBDbG91ZCBTUUwgU2VydmVyIENBMRQwEgYDVQQKEwtHb29nbGUs\nIEluYzELMAkGA1UEBhMCVVMwggEiMA0GCSqGSIb3DQEBAQUAA4IBDwAwggEKAoIB\nAQCfMFFEfIi4phGq7J8KVS0IlQNP9UPf8TbUl1EJrozsLSsSCPex8nXuKnEJM/9j\ndSep17VP8W/dXQNoq/QbvcK7E6iLOBsjYoy2o/xmo6gC+Yn6ZRCSwr7sYSRCb72K\nfvrk8sRhvVaF7ec5DvPKbPnfJIWsWua/DDs+AqNRoXmynCObI4WAIhYx0HoJRx8C\nKi1IChlEhccdbGdfwa7+O5Q5180LCX34PyP0vMIDqgqKlDNYxW7jImr2o0wkVDoh\nX0h6Osp4QUnPmowGj5HfLElyc7Dw99LlTwZAHRnOLLtu9BQisdE4vbXWqhbB6/YO\nHZjHFfDKCkgpaQsSjbC8vff5AgMBAAGjFjAUMBIGA1UdEwEB/wQIMAYBAf8CAQAw\nDQYJKoZIhvcNAQELBQADggEBAFQdjtCfHoXS8OMmbEJUIf6tXL7p+8kTbk9gkOkR\ncei5fV0sznZTLgd0TtIfO2BsZWKSCgBZsACXDi/si4/CKM0Wkhr5uEYzigkDGYML\ntpxN7AsUl2xdFS5PVMKFmsjEn0ebtyjOADei23lj9/zQ9qA+7Fbrf6rBXKoogOL+\nC0JDMZ5g7xudebnEGR+KJfRXsYigg8BgxpBEBVQLoR5V99GfqKjnPjSaY3hOVP3M\n4tLuAO41uTeVXmtOoK171gmlTi/OuFww5DukFT54rwEMyZ+RjXKIWMx2V6mBIcMT\nk89fdXnR9yC/o13jg2UWDyB3z8Ekb1h5zhoJpEqe7ReAw38=\n-----END CERTIFICATE-----",
                "common_name": "C=US,O=Google\\, Inc,CN=Google Cloud SQL Server CA,dnQualifier=98316fbc-f78e-47ee-b700-64b1ef82b201",
                "create_time": "2021-02-12T15:59:52.144Z",
                "expiration_time": "2031-02-10T16:00:52.144Z",
                "sha1_fingerprint": "be3ea79ada5995b9f5c5d8732e897f4414595ac2"
              }
            ],
            "service_account_email_address": "p996712792144-ixjzd2@gcp-sa-cloud-sql.iam.gserviceaccount.com",
            "settings": [
              {
                "activation_policy": "ALWAYS",
                "authorized_gae_applications": [],
                "availability_type": "ZONAL",
                "backup_configuration": [
                  {
                    "binary_log_enabled": false,
                    "enabled": false,
                    "location": "",
                    "point_in_time_recovery_enabled": false,
                    "start_time": "22:00"
                  }
                ],
                "crash_safe_replication": false,
                "database_flags": [],
                "disk_autoresize": true,
                "disk_size": 10,
                "disk_type": "PD_SSD",
                "ip_configuration": [
                  {
                    "authorized_networks": [],
                    "ipv4_enabled": true,
                    "private_network": "",
                    "require_ssl": false
                  }
                ],
                "location_preference": [
                  {
                    "follow_gae_application": "",
                    "zone": "us-west1-a"
                  }
                ],
                "maintenance_window": [],
                "pricing_plan": "PER_USE",
                "replication_type": "SYNCHRONOUS",
                "tier": "db-f1-micro",
                "user_labels": {},
                "version": 9
              }
            ],
            "timeouts": null
          },
          "sensitive_attributes": [],
          "private": "eyJlMmJmYjczMC1lY2FhLTExZTYtOGY4OC0zNDM2M2JjN2M0YzAiOnsiY3JlYXRlIjoxMjAwMDAwMDAwMDAwLCJkZWxldGUiOjEyMDAwMDAwMDAwMDAsInVwZGF0ZSI6MTIwMDAwMDAwMDAwMH19",
          "dependencies": [
            "random_string.db_id"
          ]
        }
      ]
    },
    {
      "mode": "managed",
      "type": "google_sql_user",
      "name": "postgresql_user",
      "provider": "provider[\"registry.terraform.io/hashicorp/google\"]",
      "instances": [
        {
          "schema_version": 1,
          "attributes": {
            "deletion_policy": null,
            "host": "",
            "id": "james//tf-db-js0bj1wq",
            "instance": "tf-db-js0bj1wq",
            "name": "james",
            "password": "password",
            "project": "terraform-system-v2",
            "timeouts": null,
            "type": ""
          },
          "sensitive_attributes": [],
          "private": "eyJlMmJmYjczMC1lY2FhLTExZTYtOGY4OC0zNDM2M2JjN2M0YzAiOnsiY3JlYXRlIjo2MDAwMDAwMDAwMDAsImRlbGV0ZSI6NjAwMDAwMDAwMDAwLCJ1cGRhdGUiOjYwMDAwMDAwMDAwMH0sInNjaGVtYV92ZXJzaW9uIjoiMSJ9",
          "dependencies": [
            "google_sql_database_instance.postgresql"
          ]
        }
      ]
    },
    {
      "mode": "managed",
      "type": "random_string",
      "name": "db_id",
      "provider": "provider[\"registry.terraform.io/hashicorp/random\"]",
      "instances": [
        {
          "schema_version": 1,
          "attributes": {
            "id": "js0bj1wq",
            "keepers": null,
            "length": 8,
            "lower": true,
            "min_lower": 0,
            "min_numeric": 0,
            "min_special": 0,
            "min_upper": 0,
            "number": true,
            "override_special": null,
            "result": "js0bj1wq",
            "special": false,
            "upper": false
          },
          "sensitive_attributes": [],
          "private": "eyJzY2hlbWFfdmVyc2lvbiI6IjEifQ=="
        }
      ]
    }
  ]
}
