{
  "version": 4,
  "terraform_version": "0.14.6",
  "serial": 19,
  "lineage": "80751336-2918-e654-8ffa-1f617ff27bbf",
  "outputs": {},
  "resources": [
    {
      "mode": "managed",
      "type": "google_compute_instance",
      "name": "default",
      "provider": "provider[\"registry.terraform.io/hashicorp/google\"]",
      "instances": [
        {
          "schema_version": 6,
          "attributes": {
            "allow_stopping_for_update": null,
            "attached_disk": [],
            "boot_disk": [
              {
                "auto_delete": true,
                "device_name": "persistent-disk-0",
                "disk_encryption_key_raw": "",
                "disk_encryption_key_sha256": "",
                "initialize_params": [
                  {
                    "image": "https://www.googleapis.com/compute/v1/projects/debian-cloud/global/images/debian-9-stretch-v20210122",
                    "labels": {},
                    "size": 10,
                    "type": "pd-standard"
                  }
                ],
                "kms_key_self_link": "",
                "mode": "READ_WRITE",
                "source": "https://www.googleapis.com/compute/v1/projects/distributed-system-non-prod/zones/europe-west2-a/disks/tf-vm-d4d70142bd20c502"
              }
            ],
            "can_ip_forward": false,
            "confidential_instance_config": [],
            "cpu_platform": "Intel Broadwell",
            "current_status": "RUNNING",
            "deletion_protection": false,
            "description": "",
            "desired_status": null,
            "enable_display": false,
            "guest_accelerator": [],
            "hostname": "",
            "id": "projects/distributed-system-non-prod/zones/europe-west2-a/instances/tf-vm-d4d70142bd20c502",
            "instance_id": "8484562335708275354",
            "label_fingerprint": "42WmSpB8rSM=",
            "labels": {},
            "machine_type": "f1-micro",
            "metadata": {},
            "metadata_fingerprint": "kb7ZczEsl-Q=",
            "metadata_startup_script": "sudo apt-get update; sudo apt-get install -yq build-essential python-pip rsync; pip install flask",
            "min_cpu_platform": "",
            "name": "tf-vm-d4d70142bd20c502",
            "network_interface": [
              {
                "access_config": [
                  {
                    "nat_ip": "35.189.112.136",
                    "network_tier": "PREMIUM",
                    "public_ptr_domain_name": ""
                  }
                ],
                "alias_ip_range": [],
                "name": "nic0",
                "network": "https://www.googleapis.com/compute/v1/projects/distributed-system-non-prod/global/networks/default",
                "network_ip": "10.154.0.2",
                "subnetwork": "https://www.googleapis.com/compute/v1/projects/distributed-system-non-prod/regions/europe-west2/subnetworks/default",
                "subnetwork_project": "distributed-system-non-prod"
              }
            ],
            "project": "distributed-system-non-prod",
            "resource_policies": [],
            "scheduling": [
              {
                "automatic_restart": true,
                "node_affinities": [],
                "on_host_maintenance": "MIGRATE",
                "preemptible": false
              }
            ],
            "scratch_disk": [],
            "self_link": "https://www.googleapis.com/compute/v1/projects/distributed-system-non-prod/zones/europe-west2-a/instances/tf-vm-d4d70142bd20c502",
            "service_account": [],
            "shielded_instance_config": [],
            "tags": [],
            "tags_fingerprint": "42WmSpB8rSM=",
            "timeouts": null,
            "zone": "europe-west2-a"
          },
          "sensitive_attributes": [],
          "private": "eyJlMmJmYjczMC1lY2FhLTExZTYtOGY4OC0zNDM2M2JjN2M0YzAiOnsiY3JlYXRlIjoxMjAwMDAwMDAwMDAwLCJkZWxldGUiOjEyMDAwMDAwMDAwMDAsInVwZGF0ZSI6MTIwMDAwMDAwMDAwMH0sInNjaGVtYV92ZXJzaW9uIjoiNiJ9",
          "dependencies": [
            "random_id.instance_id"
          ]
        }
      ]
    },
    {
      "mode": "managed",
      "type": "google_sql_database",
      "name": "postgresql_db",
      "provider": "provider[\"registry.terraform.io/hashicorp/google\"]",
      "instances": [
        {
          "schema_version": 0,
          "attributes": {
            "charset": "UTF8",
            "collation": "en_US.UTF8",
            "id": "projects/distributed-system-non-prod/instances/tf-db-9560c07f365e8648/databases/tf-db-db",
            "instance": "tf-db-9560c07f365e8648",
            "name": "tf-db-db",
            "project": "distributed-system-non-prod",
            "self_link": "https://sqladmin.googleapis.com/sql/v1beta4/projects/distributed-system-non-prod/instances/tf-db-9560c07f365e8648/databases/tf-db-db",
            "timeouts": null
          },
          "sensitive_attributes": [],
          "private": "eyJlMmJmYjczMC1lY2FhLTExZTYtOGY4OC0zNDM2M2JjN2M0YzAiOnsiY3JlYXRlIjo5MDAwMDAwMDAwMDAsImRlbGV0ZSI6NjAwMDAwMDAwMDAwLCJ1cGRhdGUiOjYwMDAwMDAwMDAwMH19",
          "dependencies": [
            "google_sql_database_instance.postgresql",
            "random_id.db_id_2"
          ]
        }
      ]
    },
    {
      "mode": "managed",
      "type": "google_sql_database_instance",
      "name": "postgresql",
      "provider": "provider[\"registry.terraform.io/hashicorp/google\"]",
      "instances": [
        {
          "schema_version": 0,
          "attributes": {
            "connection_name": "distributed-system-non-prod:europe-west2:tf-db-9560c07f365e8648",
            "database_version": "POSTGRES_13",
            "deletion_protection": false,
            "first_ip_address": "35.197.223.25",
            "id": "tf-db-9560c07f365e8648",
            "ip_address": [
              {
                "ip_address": "35.197.223.25",
                "time_to_retire": "",
                "type": "PRIMARY"
              }
            ],
            "master_instance_name": "",
            "name": "tf-db-9560c07f365e8648",
            "private_ip_address": "",
            "project": "distributed-system-non-prod",
            "public_ip_address": "35.197.223.25",
            "region": "europe-west2",
            "replica_configuration": [],
            "restore_backup_context": [],
            "root_password": null,
            "self_link": "https://sqladmin.googleapis.com/sql/v1beta4/projects/distributed-system-non-prod/instances/tf-db-9560c07f365e8648",
            "server_ca_cert": [
              {
                "cert": "-----BEGIN CERTIFICATE-----\nMIIDfzCCAmegAwIBAgIBADANBgkqhkiG9w0BAQsFADB3MS0wKwYDVQQuEyRjZTc5\nNDU3YS05NTMyLTRiODQtODczZC0zNGJhY2M5MTE1M2ExIzAhBgNVBAMTGkdvb2ds\nZSBDbG91ZCBTUUwgU2VydmVyIENBMRQwEgYDVQQKEwtHb29nbGUsIEluYzELMAkG\nA1UEBhMCVVMwHhcNMjEwMjA4MTcxNTU1WhcNMzEwMjA2MTcxNjU1WjB3MS0wKwYD\nVQQuEyRjZTc5NDU3YS05NTMyLTRiODQtODczZC0zNGJhY2M5MTE1M2ExIzAhBgNV\nBAMTGkdvb2dsZSBDbG91ZCBTUUwgU2VydmVyIENBMRQwEgYDVQQKEwtHb29nbGUs\nIEluYzELMAkGA1UEBhMCVVMwggEiMA0GCSqGSIb3DQEBAQUAA4IBDwAwggEKAoIB\nAQCd+R3R57rQFl3rJ6VFA0J7GWMmWoj8DcGtmp+PWxVD9G/W9MSFnyes6c8M0BB3\nxtwp8amDsTHL6B/8moHidC+pbk2zN6GJW2pQp9cmhdHr3By9j6PlA+N5bBahdCx9\nSDiI8Uy7ETySEETMC21HR9j5pX8a83ft1VA15ErQHExDOcV0fHxKgSORa7VW9kqb\np7Af9cFhc0OK5prfnXe4sJ7MPlHpTAGx7MN4n6+9lq9gcjg6BCpxDHGufedGPAiL\na4yg6V17MKDNFnGqrTmP+KlHuuaj4y2jF8gsnMTf4/Q4VzYGQuui0zhWkU2lEz1c\njk8AMQXQPWkxJHR8qFYEwdUdAgMBAAGjFjAUMBIGA1UdEwEB/wQIMAYBAf8CAQAw\nDQYJKoZIhvcNAQELBQADggEBADsQd+4qsea9jiGYol+rO2/ez0GkLFcX7PbLShPc\nv8gbw3c8EL+A8qQsQmGMxhSZMFu7+fgjGHbUDS3pyizZCrObjjvj97BDuV0i0VHr\nxGuFoXGHp3Z+H/gT5g+bxBTVppX1vl4jub07Q20ClWStu3RlSurOkLde9PWn/GH+\nCJgALn6OLWvuRMPIi8+vUt1MXosUVTSi5tZMXoCqec1h+pED9aF54mJB3RzTb6J4\nQ8geIhNev/SY/WrQY5AZluEWZo3qXgXJJ0tHbI9D1jcJ6wWmDpmh8eHAK50M+iKp\nuFmVk049ociZqGM8c1Zr0BQdYLEof8oItOyYSgf37nw4jMs=\n-----END CERTIFICATE-----",
                "common_name": "C=US,O=Google\\, Inc,CN=Google Cloud SQL Server CA,dnQualifier=ce79457a-9532-4b84-873d-34bacc91153a",
                "create_time": "2021-02-08T17:15:55.541Z",
                "expiration_time": "2031-02-06T17:16:55.541Z",
                "sha1_fingerprint": "a61fc0efe17859beda7c65f176600c31f9b19df2"
              }
            ],
            "service_account_email_address": "p359620713737-nb3b8m@gcp-sa-cloud-sql.iam.gserviceaccount.com",
            "settings": [
              {
                "activation_policy": "ALWAYS",
                "authorized_gae_applications": null,
                "availability_type": "ZONAL",
                "backup_configuration": [
                  {
                    "binary_log_enabled": false,
                    "enabled": false,
                    "location": "",
                    "point_in_time_recovery_enabled": false,
                    "start_time": "20:00"
                  }
                ],
                "crash_safe_replication": false,
                "database_flags": [],
                "disk_autoresize": true,
                "disk_size": 10,
                "disk_type": "PD_SSD",
                "ip_configuration": [
                  {
                    "authorized_networks": [],
                    "ipv4_enabled": true,
                    "private_network": "",
                    "require_ssl": false
                  }
                ],
                "location_preference": [
                  {
                    "follow_gae_application": "",
                    "zone": "europe-west2-b"
                  }
                ],
                "maintenance_window": [],
                "pricing_plan": "PER_USE",
                "replication_type": "SYNCHRONOUS",
                "tier": "db-f1-micro",
                "user_labels": null,
                "version": 1
              }
            ],
            "timeouts": null
          },
          "sensitive_attributes": [],
          "private": "eyJlMmJmYjczMC1lY2FhLTExZTYtOGY4OC0zNDM2M2JjN2M0YzAiOnsiY3JlYXRlIjoxMjAwMDAwMDAwMDAwLCJkZWxldGUiOjEyMDAwMDAwMDAwMDAsInVwZGF0ZSI6MTIwMDAwMDAwMDAwMH19",
          "dependencies": [
            "random_id.db_id_2"
          ]
        }
      ]
    },
    {
      "mode": "managed",
      "type": "google_sql_user",
      "name": "postgresql_user",
      "provider": "provider[\"registry.terraform.io/hashicorp/google\"]",
      "instances": [
        {
          "schema_version": 1,
          "attributes": {
            "deletion_policy": null,
            "host": "",
            "id": "james//tf-db-9560c07f365e8648",
            "instance": "tf-db-9560c07f365e8648",
            "name": "james",
            "password": "password",
            "project": "distributed-system-non-prod",
            "timeouts": null,
            "type": ""
          },
          "sensitive_attributes": [],
          "private": "eyJlMmJmYjczMC1lY2FhLTExZTYtOGY4OC0zNDM2M2JjN2M0YzAiOnsiY3JlYXRlIjo2MDAwMDAwMDAwMDAsImRlbGV0ZSI6NjAwMDAwMDAwMDAwLCJ1cGRhdGUiOjYwMDAwMDAwMDAwMH0sInNjaGVtYV92ZXJzaW9uIjoiMSJ9",
          "dependencies": [
            "google_sql_database_instance.postgresql",
            "random_id.db_id_2"
          ]
        }
      ]
    },
    {
      "mode": "managed",
      "type": "random_id",
      "name": "db_id_2",
      "provider": "provider[\"registry.terraform.io/hashicorp/random\"]",
      "instances": [
        {
          "schema_version": 0,
          "attributes": {
            "b64_std": "lWDAfzZehkg=",
            "b64_url": "lWDAfzZehkg",
            "byte_length": 8,
            "dec": "10763814762021029448",
            "hex": "9560c07f365e8648",
            "id": "lWDAfzZehkg",
            "keepers": null,
            "prefix": null
          },
          "sensitive_attributes": [],
          "private": "bnVsbA=="
        }
      ]
    },
    {
      "mode": "managed",
      "type": "random_id",
      "name": "instance_id",
      "provider": "provider[\"registry.terraform.io/hashicorp/random\"]",
      "instances": [
        {
          "schema_version": 0,
          "attributes": {
            "b64_std": "1NcBQr0gxQI=",
            "b64_url": "1NcBQr0gxQI",
            "byte_length": 8,
            "dec": "15336728442186024194",
            "hex": "d4d70142bd20c502",
            "id": "1NcBQr0gxQI",
            "keepers": null,
            "prefix": null
          },
          "sensitive_attributes": [],
          "private": "bnVsbA=="
        }
      ]
    }
  ]
}
